{
  "version": 1,
  "dependencies": {
    "net9.0": {
      "Markdig": {
        "type": "Direct",
        "requested": "[1.3.2, )",
        "resolved": "1.3.2",
        "contentHash": "fZgOC/3CswUrndjDTac70aQpYdtxbW5+5bRumR7vzvI2HJbkmgKisB1c9oT+GA6v0jB/JDR9BLa9FiPzQmaK6A=="
      },
      "Microsoft.NET.ILLink.Tasks": {
        "type": "Direct",
        "requested": "[9.0.13, )",
        "resolved": "9.0.13",
        "contentHash": "f7t15I9ZXV7fNk3FIzPAlkJNG1A1tkSeDpRh+TFWEToGGqA+uj6uqU15I8YOkkYICNY2tqOVm2CMe6ScPFPwEg=="
      },
      "Spectre.Console": {
        "type": "Direct",
        "requested": "[0.57.1, )",
        "resolved": "0.57.1",
        "contentHash": "h/B0CJLR5Ba8yq+iVjjZR9JXMS+8a1syHmHhyZ6w5m8rHDWLGOlaKAhzJanHJL62rZxynLeVOx+43MKvskJ1lA==",
        "dependencies": {
          "Spectre.Console.Ansi": "0.57.1"
        }
      },
      "Spectre.Console.Ansi": {
        "type": "Transitive",
        "resolved": "0.57.1",
        "contentHash": "IFlXdGXOGD4XCK5ybZsXgQo7PE0ZE/pt9YFFWo2cECTipS8DrViLFazx+K00/A+fY1PlHYt1Vqwrjfod4EEckw=="
      }
    }
  }
}