{
  "version": 1,
  "dependencies": {
    "net9.0": {
      "Markdig": {
        "type": "Direct",
        "requested": "[1.3.2, )",
        "resolved": "1.3.2",
        "contentHash": "fZgOC/3CswUrndjDTac70aQpYdtxbW5+5bRumR7vzvI2HJbkmgKisB1c9oT+GA6v0jB/JDR9BLa9FiPzQmaK6A=="
      },
      "Microsoft.NET.ILLink.Tasks": {
        "type": "Direct",
        "requested": "[9.0.13, )",
        "resolved": "9.0.13",
        "contentHash": "f7t15I9ZXV7fNk3FIzPAlkJNG1A1tkSeDpRh+TFWEToGGqA+uj6uqU15I8YOkkYICNY2tqOVm2CMe6ScPFPwEg=="
      },
      "Spectre.Console": {
        "type": "Direct",
        "requested": "[0.57.0, )",
        "resolved": "0.57.0",
        "contentHash": "X5+4ZsUYTPlTs5PEoKRlxUuKOa1AkEoAGM34pUeJPjsBdtOnvnaVb31hqewhooomihl1i9fEBid1fz8XxZTacQ==",
        "dependencies": {
          "Spectre.Console.Ansi": "0.57.0"
        }
      },
      "Spectre.Console.Ansi": {
        "type": "Transitive",
        "resolved": "0.57.0",
        "contentHash": "DGeYljyWAIHSeUAoUGqyzyOqS8WlsHKW+y4zOZ0OO61oqrhx90jHS+XG5Kpq/wWz6ovIs2VL/0CTKpUVa7tdWg=="
      }
    }
  }
}